// !$*UTF8*$!
{
	archiveVersion = 1;
	classes = {
	};
	objectVersion = 50;
	objects = {

/* Begin PBXBuildFile section */
		0A9CF9F723F9AFCD005BD81D /* PokerCostStructure.swift in Sources */ = {isa = PBXBuildFile; fileRef = 0A9CF9F623F9AFCD005BD81D /* PokerCostStructure.swift */; };
		0AB70CF523F84FFD00CB093A /* PokerModels.framework in Frameworks */ = {isa = PBXBuildFile; fileRef = 0AB70CEB23F84FFD00CB093A /* PokerModels.framework */; };
		0AB70CFC23F84FFD00CB093A /* PokerModels.h in Headers */ = {isa = PBXBuildFile; fileRef = 0AB70CEE23F84FFD00CB093A /* PokerModels.h */; settings = {ATTRIBUTES = (Public, ); }; };
		0AB70D0623F8506500CB093A /* Player.swift in Sources */ = {isa = PBXBuildFile; fileRef = 0AB70D0523F8506500CB093A /* Player.swift */; };
		0AB70D0823F8509500CB093A /* PlayerTests.swift in Sources */ = {isa = PBXBuildFile; fileRef = 0AB70D0723F8509500CB093A /* PlayerTests.swift */; };
		0AB70D0A23F8528500CB093A /* Event.swift in Sources */ = {isa = PBXBuildFile; fileRef = 0AB70D0923F8528500CB093A /* Event.swift */; };
		0AB70D0C23F8528F00CB093A /* EventAction.swift in Sources */ = {isa = PBXBuildFile; fileRef = 0AB70D0B23F8528F00CB093A /* EventAction.swift */; };
		0AB70D1023F852B200CB093A /* PokerAction.swift in Sources */ = {isa = PBXBuildFile; fileRef = 0AB70D0F23F852B200CB093A /* PokerAction.swift */; };
		0AB70D1223F852E700CB093A /* Location.swift in Sources */ = {isa = PBXBuildFile; fileRef = 0AB70D1123F852E700CB093A /* Location.swift */; };
		0AB70D1423F8530200CB093A /* Championship.swift in Sources */ = {isa = PBXBuildFile; fileRef = 0AB70D1323F8530200CB093A /* Championship.swift */; };
		0AB70D1623F854A000CB093A /* EventTests.swift in Sources */ = {isa = PBXBuildFile; fileRef = 0AB70D1523F854A000CB093A /* EventTests.swift */; };
		0AB70D1823F86BA500CB093A /* PlayerStore.swift in Sources */ = {isa = PBXBuildFile; fileRef = 0AB70D1723F86BA500CB093A /* PlayerStore.swift */; };
		0AB70D1A23F870D300CB093A /* EventStore.swift in Sources */ = {isa = PBXBuildFile; fileRef = 0AB70D1923F870D300CB093A /* EventStore.swift */; };
		0AB70D1C23F873B700CB093A /* EventStoreTests.swift in Sources */ = {isa = PBXBuildFile; fileRef = 0AB70D1B23F873B700CB093A /* EventStoreTests.swift */; };
		0AB70D1E23F8986D00CB093A /* EventPlayer.swift in Sources */ = {isa = PBXBuildFile; fileRef = 0AB70D1D23F8986D00CB093A /* EventPlayer.swift */; };
		0AB70D2023F89A8600CB093A /* PlayerActionTests.swift in Sources */ = {isa = PBXBuildFile; fileRef = 0AB70D1F23F89A8600CB093A /* PlayerActionTests.swift */; };
		0AB70D2223F89D3200CB093A /* PointsSystem.swift in Sources */ = {isa = PBXBuildFile; fileRef = 0AB70D2123F89D3200CB093A /* PointsSystem.swift */; };
		0AB70D2423F8A1BA00CB093A /* Setted.swift in Sources */ = {isa = PBXBuildFile; fileRef = 0AB70D2323F8A1BA00CB093A /* Setted.swift */; };
		0AB70D2823F8A6F200CB093A /* PrizeSystem.swift in Sources */ = {isa = PBXBuildFile; fileRef = 0AB70D2723F8A6F200CB093A /* PrizeSystem.swift */; };
/* End PBXBuildFile section */

/* Begin PBXContainerItemProxy section */
		0AB70CF623F84FFD00CB093A /* PBXContainerItemProxy */ = {
			isa = PBXContainerItemProxy;
			containerPortal = 0AB70CE223F84FFD00CB093A /* Project object */;
			proxyType = 1;
			remoteGlobalIDString = 0AB70CEA23F84FFD00CB093A;
			remoteInfo = PokerModels;
		};
/* End PBXContainerItemProxy section */

/* Begin PBXFileReference section */
		0A9CF9F623F9AFCD005BD81D /* PokerCostStructure.swift */ = {isa = PBXFileReference; lastKnownFileType = sourcecode.swift; path = PokerCostStructure.swift; sourceTree = "<group>"; };
		0AB70CEB23F84FFD00CB093A /* PokerModels.framework */ = {isa = PBXFileReference; explicitFileType = wrapper.framework; includeInIndex = 0; path = PokerModels.framework; sourceTree = BUILT_PRODUCTS_DIR; };
		0AB70CEE23F84FFD00CB093A /* PokerModels.h */ = {isa = PBXFileReference; lastKnownFileType = sourcecode.c.h; path = PokerModels.h; sourceTree = "<group>"; };
		0AB70CEF23F84FFD00CB093A /* Info.plist */ = {isa = PBXFileReference; lastKnownFileType = text.plist.xml; path = Info.plist; sourceTree = "<group>"; };
		0AB70CF423F84FFD00CB093A /* PokerModelsTests.xctest */ = {isa = PBXFileReference; explicitFileType = wrapper.cfbundle; includeInIndex = 0; path = PokerModelsTests.xctest; sourceTree = BUILT_PRODUCTS_DIR; };
		0AB70CFB23F84FFD00CB093A /* Info.plist */ = {isa = PBXFileReference; lastKnownFileType = text.plist.xml; path = Info.plist; sourceTree = "<group>"; };
		0AB70D0523F8506500CB093A /* Player.swift */ = {isa = PBXFileReference; lastKnownFileType = sourcecode.swift; path = Player.swift; sourceTree = "<group>"; };
		0AB70D0723F8509500CB093A /* PlayerTests.swift */ = {isa = PBXFileReference; lastKnownFileType = sourcecode.swift; path = PlayerTests.swift; sourceTree = "<group>"; };
		0AB70D0923F8528500CB093A /* Event.swift */ = {isa = PBXFileReference; lastKnownFileType = sourcecode.swift; path = Event.swift; sourceTree = "<group>"; };
		0AB70D0B23F8528F00CB093A /* EventAction.swift */ = {isa = PBXFileReference; lastKnownFileType = sourcecode.swift; path = EventAction.swift; sourceTree = "<group>"; };
		0AB70D0F23F852B200CB093A /* PokerAction.swift */ = {isa = PBXFileReference; lastKnownFileType = sourcecode.swift; path = PokerAction.swift; sourceTree = "<group>"; };
		0AB70D1123F852E700CB093A /* Location.swift */ = {isa = PBXFileReference; lastKnownFileType = sourcecode.swift; path = Location.swift; sourceTree = "<group>"; };
		0AB70D1323F8530200CB093A /* Championship.swift */ = {isa = PBXFileReference; lastKnownFileType = sourcecode.swift; path = Championship.swift; sourceTree = "<group>"; };
		0AB70D1523F854A000CB093A /* EventTests.swift */ = {isa = PBXFileReference; lastKnownFileType = sourcecode.swift; path = EventTests.swift; sourceTree = "<group>"; };
		0AB70D1723F86BA500CB093A /* PlayerStore.swift */ = {isa = PBXFileReference; lastKnownFileType = sourcecode.swift; path = PlayerStore.swift; sourceTree = "<group>"; };
		0AB70D1923F870D300CB093A /* EventStore.swift */ = {isa = PBXFileReference; lastKnownFileType = sourcecode.swift; path = EventStore.swift; sourceTree = "<group>"; };
		0AB70D1B23F873B700CB093A /* EventStoreTests.swift */ = {isa = PBXFileReference; lastKnownFileType = sourcecode.swift; path = EventStoreTests.swift; sourceTree = "<group>"; };
		0AB70D1D23F8986D00CB093A /* EventPlayer.swift */ = {isa = PBXFileReference; lastKnownFileType = sourcecode.swift; path = EventPlayer.swift; sourceTree = "<group>"; };
		0AB70D1F23F89A8600CB093A /* PlayerActionTests.swift */ = {isa = PBXFileReference; lastKnownFileType = sourcecode.swift; path = PlayerActionTests.swift; sourceTree = "<group>"; };
		0AB70D2123F89D3200CB093A /* PointsSystem.swift */ = {isa = PBXFileReference; lastKnownFileType = sourcecode.swift; path = PointsSystem.swift; sourceTree = "<group>"; };
		0AB70D2323F8A1BA00CB093A /* Setted.swift */ = {isa = PBXFileReference; lastKnownFileType = sourcecode.swift; path = Setted.swift; sourceTree = "<group>"; };
		0AB70D2723F8A6F200CB093A /* PrizeSystem.swift */ = {isa = PBXFileReference; lastKnownFileType = sourcecode.swift; path = PrizeSystem.swift; sourceTree = "<group>"; };
/* End PBXFileReference section */

/* Begin PBXFrameworksBuildPhase section */
		0AB70CE823F84FFD00CB093A /* Frameworks */ = {
			isa = PBXFrameworksBuildPhase;
			buildActionMask = 2147483647;
			files = (
			);
			runOnlyForDeploymentPostprocessing = 0;
		};
		0AB70CF123F84FFD00CB093A /* Frameworks */ = {
			isa = PBXFrameworksBuildPhase;
			buildActionMask = 2147483647;
			files = (
				0AB70CF523F84FFD00CB093A /* PokerModels.framework in Frameworks */,
			);
			runOnlyForDeploymentPostprocessing = 0;
		};
/* End PBXFrameworksBuildPhase section */

/* Begin PBXGroup section */
		0AB70CE123F84FFD00CB093A = {
			isa = PBXGroup;
			children = (
				0AB70CED23F84FFD00CB093A /* PokerModels */,
				0AB70CF823F84FFD00CB093A /* PokerModelsTests */,
				0AB70CEC23F84FFD00CB093A /* Products */,
			);
			sourceTree = "<group>";
		};
		0AB70CEC23F84FFD00CB093A /* Products */ = {
			isa = PBXGroup;
			children = (
				0AB70CEB23F84FFD00CB093A /* PokerModels.framework */,
				0AB70CF423F84FFD00CB093A /* PokerModelsTests.xctest */,
			);
			name = Products;
			sourceTree = "<group>";
		};
		0AB70CED23F84FFD00CB093A /* PokerModels */ = {
			isa = PBXGroup;
			children = (
				0AB70CEE23F84FFD00CB093A /* PokerModels.h */,
				0AB70CEF23F84FFD00CB093A /* Info.plist */,
				0AB70D0523F8506500CB093A /* Player.swift */,
				0AB70D0923F8528500CB093A /* Event.swift */,
				0AB70D0B23F8528F00CB093A /* EventAction.swift */,
				0AB70D0F23F852B200CB093A /* PokerAction.swift */,
				0AB70D1123F852E700CB093A /* Location.swift */,
				0AB70D1323F8530200CB093A /* Championship.swift */,
				0AB70D1723F86BA500CB093A /* PlayerStore.swift */,
				0AB70D1923F870D300CB093A /* EventStore.swift */,
				0AB70D1D23F8986D00CB093A /* EventPlayer.swift */,
				0AB70D2123F89D3200CB093A /* PointsSystem.swift */,
				0AB70D2323F8A1BA00CB093A /* Setted.swift */,
				0AB70D2723F8A6F200CB093A /* PrizeSystem.swift */,
				0A9CF9F623F9AFCD005BD81D /* PokerCostStructure.swift */,
			);
			path = PokerModels;
			sourceTree = "<group>";
		};
		0AB70CF823F84FFD00CB093A /* PokerModelsTests */ = {
			isa = PBXGroup;
			children = (
				0AB70CFB23F84FFD00CB093A /* Info.plist */,
				0AB70D0723F8509500CB093A /* PlayerTests.swift */,
				0AB70D1523F854A000CB093A /* EventTests.swift */,
				0AB70D1B23F873B700CB093A /* EventStoreTests.swift */,
				0AB70D1F23F89A8600CB093A /* PlayerActionTests.swift */,
			);
			path = PokerModelsTests;
			sourceTree = "<group>";
		};
/* End PBXGroup section */

/* Begin PBXHeadersBuildPhase section */
		0AB70CE623F84FFD00CB093A /* Headers */ = {
			isa = PBXHeadersBuildPhase;
			buildActionMask = 2147483647;
			files = (
				0AB70CFC23F84FFD00CB093A /* PokerModels.h in Headers */,
			);
			runOnlyForDeploymentPostprocessing = 0;
		};
/* End PBXHeadersBuildPhase section */

/* Begin PBXNativeTarget section */
		0AB70CEA23F84FFD00CB093A /* PokerModels */ = {
			isa = PBXNativeTarget;
			buildConfigurationList = 0AB70CFF23F84FFD00CB093A /* Build configuration list for PBXNativeTarget "PokerModels" */;
			buildPhases = (
				0AB70CE623F84FFD00CB093A /* Headers */,
				0AB70CE723F84FFD00CB093A /* Sources */,
				0AB70CE823F84FFD00CB093A /* Frameworks */,
				0AB70CE923F84FFD00CB093A /* Resources */,
			);
			buildRules = (
			);
			dependencies = (
			);
			name = PokerModels;
			productName = PokerModels;
			productReference = 0AB70CEB23F84FFD00CB093A /* PokerModels.framework */;
			productType = "com.apple.product-type.framework";
		};
		0AB70CF323F84FFD00CB093A /* PokerModelsTests */ = {
			isa = PBXNativeTarget;
			buildConfigurationList = 0AB70D0223F84FFD00CB093A /* Build configuration list for PBXNativeTarget "PokerModelsTests" */;
			buildPhases = (
				0AB70CF023F84FFD00CB093A /* Sources */,
				0AB70CF123F84FFD00CB093A /* Frameworks */,
				0AB70CF223F84FFD00CB093A /* Resources */,
			);
			buildRules = (
			);
			dependencies = (
				0AB70CF723F84FFD00CB093A /* PBXTargetDependency */,
			);
			name = PokerModelsTests;
			productName = PokerModelsTests;
			productReference = 0AB70CF423F84FFD00CB093A /* PokerModelsTests.xctest */;
			productType = "com.apple.product-type.bundle.unit-test";
		};
/* End PBXNativeTarget section */

/* Begin PBXProject section */
		0AB70CE223F84FFD00CB093A /* Project object */ = {
			isa = PBXProject;
			attributes = {
				LastSwiftUpdateCheck = 1130;
				LastUpgradeCheck = 1130;
				ORGANIZATIONNAME = "Thiago Lioy";
				TargetAttributes = {
					0AB70CEA23F84FFD00CB093A = {
						CreatedOnToolsVersion = 11.3.1;
						LastSwiftMigration = 1130;
					};
					0AB70CF323F84FFD00CB093A = {
						CreatedOnToolsVersion = 11.3.1;
					};
				};
			};
			buildConfigurationList = 0AB70CE523F84FFD00CB093A /* Build configuration list for PBXProject "PokerModels" */;
			compatibilityVersion = "Xcode 9.3";
			developmentRegion = en;
			hasScannedForEncodings = 0;
			knownRegions = (
				en,
				Base,
			);
			mainGroup = 0AB70CE123F84FFD00CB093A;
			productRefGroup = 0AB70CEC23F84FFD00CB093A /* Products */;
			projectDirPath = "";
			projectRoot = "";
			targets = (
				0AB70CEA23F84FFD00CB093A /* PokerModels */,
				0AB70CF323F84FFD00CB093A /* PokerModelsTests */,
			);
		};
/* End PBXProject section */

/* Begin PBXResourcesBuildPhase section */
		0AB70CE923F84FFD00CB093A /* Resources */ = {
			isa = PBXResourcesBuildPhase;
			buildActionMask = 2147483647;
			files = (
			);
			runOnlyForDeploymentPostprocessing = 0;
		};
		0AB70CF223F84FFD00CB093A /* Resources */ = {
			isa = PBXResourcesBuildPhase;
			buildActionMask = 2147483647;
			files = (
			);
			runOnlyForDeploymentPostprocessing = 0;
		};
/* End PBXResourcesBuildPhase section */

/* Begin PBXSourcesBuildPhase section */
		0AB70CE723F84FFD00CB093A /* Sources */ = {
			isa = PBXSourcesBuildPhase;
			buildActionMask = 2147483647;
			files = (
				0A9CF9F723F9AFCD005BD81D /* PokerCostStructure.swift in Sources */,
				0AB70D1E23F8986D00CB093A /* EventPlayer.swift in Sources */,
				0AB70D1023F852B200CB093A /* PokerAction.swift in Sources */,
				0AB70D0C23F8528F00CB093A /* EventAction.swift in Sources */,
				0AB70D1A23F870D300CB093A /* EventStore.swift in Sources */,
				0AB70D0A23F8528500CB093A /* Event.swift in Sources */,
				0AB70D1423F8530200CB093A /* Championship.swift in Sources */,
				0AB70D1223F852E700CB093A /* Location.swift in Sources */,
				0AB70D2423F8A1BA00CB093A /* Setted.swift in Sources */,
				0AB70D1823F86BA500CB093A /* PlayerStore.swift in Sources */,
				0AB70D0623F8506500CB093A /* Player.swift in Sources */,
				0AB70D2223F89D3200CB093A /* PointsSystem.swift in Sources */,
				0AB70D2823F8A6F200CB093A /* PrizeSystem.swift in Sources */,
			);
			runOnlyForDeploymentPostprocessing = 0;
		};
		0AB70CF023F84FFD00CB093A /* Sources */ = {
			isa = PBXSourcesBuildPhase;
			buildActionMask = 2147483647;
			files = (
				0AB70D2023F89A8600CB093A /* PlayerActionTests.swift in Sources */,
				0AB70D1C23F873B700CB093A /* EventStoreTests.swift in Sources */,
				0AB70D1623F854A000CB093A /* EventTests.swift in Sources */,
				0AB70D0823F8509500CB093A /* PlayerTests.swift in Sources */,
			);
			runOnlyForDeploymentPostprocessing = 0;
		};
/* End PBXSourcesBuildPhase section */

/* Begin PBXTargetDependency section */
		0AB70CF723F84FFD00CB093A /* PBXTargetDependency */ = {
			isa = PBXTargetDependency;
			target = 0AB70CEA23F84FFD00CB093A /* PokerModels */;
			targetProxy = 0AB70CF623F84FFD00CB093A /* PBXContainerItemProxy */;
		};
/* End PBXTargetDependency section */

/* Begin XCBuildConfiguration section */
		0AB70CFD23F84FFD00CB093A /* Debug */ = {
			isa = XCBuildConfiguration;
			buildSettings = {
				ALWAYS_SEARCH_USER_PATHS = NO;
				CLANG_ANALYZER_NONNULL = YES;
				CLANG_ANALYZER_NUMBER_OBJECT_CONVERSION = YES_AGGRESSIVE;
				CLANG_CXX_LANGUAGE_STANDARD = "gnu++14";
				CLANG_CXX_LIBRARY = "libc++";
				CLANG_ENABLE_MODULES = YES;
				CLANG_ENABLE_OBJC_ARC = YES;
				CLANG_ENABLE_OBJC_WEAK = YES;
				CLANG_WARN_BLOCK_CAPTURE_AUTORELEASING = YES;
				CLANG_WARN_BOOL_CONVERSION = YES;
				CLANG_WARN_COMMA = YES;
				CLANG_WARN_CONSTANT_CONVERSION = YES;
				CLANG_WARN_DEPRECATED_OBJC_IMPLEMENTATIONS = YES;
				CLANG_WARN_DIRECT_OBJC_ISA_USAGE = YES_ERROR;
				CLANG_WARN_DOCUMENTATION_COMMENTS = YES;
				CLANG_WARN_EMPTY_BODY = YES;
				CLANG_WARN_ENUM_CONVERSION = YES;
				CLANG_WARN_INFINITE_RECURSION = YES;
				CLANG_WARN_INT_CONVERSION = YES;
				CLANG_WARN_NON_LITERAL_NULL_CONVERSION = YES;
				CLANG_WARN_OBJC_IMPLICIT_RETAIN_SELF = YES;
				CLANG_WARN_OBJC_LITERAL_CONVERSION = YES;
				CLANG_WARN_OBJC_ROOT_CLASS = YES_ERROR;
				CLANG_WARN_RANGE_LOOP_ANALYSIS = YES;
				CLANG_WARN_STRICT_PROTOTYPES = YES;
				CLANG_WARN_SUSPICIOUS_MOVE = YES;
				CLANG_WARN_UNGUARDED_AVAILABILITY = YES_AGGRESSIVE;
				CLANG_WARN_UNREACHABLE_CODE = YES;
				CLANG_WARN__DUPLICATE_METHOD_MATCH = YES;
				COPY_PHASE_STRIP = NO;
				CURRENT_PROJECT_VERSION = 1;
				DEBUG_INFORMATION_FORMAT = dwarf;
				ENABLE_STRICT_OBJC_MSGSEND = YES;
				ENABLE_TESTABILITY = YES;
				GCC_C_LANGUAGE_STANDARD = gnu11;
				GCC_DYNAMIC_NO_PIC = NO;
				GCC_NO_COMMON_BLOCKS = YES;
				GCC_OPTIMIZATION_LEVEL = 0;
				GCC_PREPROCESSOR_DEFINITIONS = (
					"DEBUG=1",
					"$(inherited)",
				);
				GCC_WARN_64_TO_32_BIT_CONVERSION = YES;
				GCC_WARN_ABOUT_RETURN_TYPE = YES_ERROR;
				GCC_WARN_UNDECLARED_SELECTOR = YES;
				GCC_WARN_UNINITIALIZED_AUTOS = YES_AGGRESSIVE;
				GCC_WARN_UNUSED_FUNCTION = YES;
				GCC_WARN_UNUSED_VARIABLE = YES;
				IPHONEOS_DEPLOYMENT_TARGET = 13.2;
				MTL_ENABLE_DEBUG_INFO = INCLUDE_SOURCE;
				MTL_FAST_MATH = YES;
				ONLY_ACTIVE_ARCH = YES;
				SDKROOT = iphoneos;
				SWIFT_ACTIVE_COMPILATION_CONDITIONS = DEBUG;
				SWIFT_OPTIMIZATION_LEVEL = "-Onone";
				VERSIONING_SYSTEM = "apple-generic";
				VERSION_INFO_PREFIX = "";
			};
			name = Debug;
		};
		0AB70CFE23F84FFD00CB093A /* Release */ = {
			isa = XCBuildConfiguration;
			buildSettings = {
				ALWAYS_SEARCH_USER_PATHS = NO;
				CLANG_ANALYZER_NONNULL = YES;
				CLANG_ANALYZER_NUMBER_OBJECT_CONVERSION = YES_AGGRESSIVE;
				CLANG_CXX_LANGUAGE_STANDARD = "gnu++14";
				CLANG_CXX_LIBRARY = "libc++";
				CLANG_ENABLE_MODULES = YES;
				CLANG_ENABLE_OBJC_ARC = YES;
				CLANG_ENABLE_OBJC_WEAK = YES;
				CLANG_WARN_BLOCK_CAPTURE_AUTORELEASING = YES;
				CLANG_WARN_BOOL_CONVERSION = YES;
				CLANG_WARN_COMMA = YES;
				CLANG_WARN_CONSTANT_CONVERSION = YES;
				CLANG_WARN_DEPRECATED_OBJC_IMPLEMENTATIONS = YES;
				CLANG_WARN_DIRECT_OBJC_ISA_USAGE = YES_ERROR;
				CLANG_WARN_DOCUMENTATION_COMMENTS = YES;
				CLANG_WARN_EMPTY_BODY = YES;
				CLANG_WARN_ENUM_CONVERSION = YES;
				CLANG_WARN_INFINITE_RECURSION = YES;
				CLANG_WARN_INT_CONVERSION = YES;
				CLANG_WARN_NON_LITERAL_NULL_CONVERSION = YES;
				CLANG_WARN_OBJC_IMPLICIT_RETAIN_SELF = YES;
				CLANG_WARN_OBJC_LITERAL_CONVERSION = YES;
				CLANG_WARN_OBJC_ROOT_CLASS = YES_ERROR;
				CLANG_WARN_RANGE_LOOP_ANALYSIS = YES;
				CLANG_WARN_STRICT_PROTOTYPES = YES;
				CLANG_WARN_SUSPICIOUS_MOVE = YES;
				CLANG_WARN_UNGUARDED_AVAILABILITY = YES_AGGRESSIVE;
				CLANG_WARN_UNREACHABLE_CODE = YES;
				CLANG_WARN__DUPLICATE_METHOD_MATCH = YES;
				COPY_PHASE_STRIP = NO;
				CURRENT_PROJECT_VERSION = 1;
				DEBUG_INFORMATION_FORMAT = "dwarf-with-dsym";
				ENABLE_NS_ASSERTIONS = NO;
				ENABLE_STRICT_OBJC_MSGSEND = YES;
				GCC_C_LANGUAGE_STANDARD = gnu11;
				GCC_NO_COMMON_BLOCKS = YES;
				GCC_WARN_64_TO_32_BIT_CONVERSION = YES;
				GCC_WARN_ABOUT_RETURN_TYPE = YES_ERROR;
				GCC_WARN_UNDECLARED_SELECTOR = YES;
				GCC_WARN_UNINITIALIZED_AUTOS = YES_AGGRESSIVE;
				GCC_WARN_UNUSED_FUNCTION = YES;
				GCC_WARN_UNUSED_VARIABLE = YES;
				IPHONEOS_DEPLOYMENT_TARGET = 13.2;
				MTL_ENABLE_DEBUG_INFO = NO;
				MTL_FAST_MATH = YES;
				SDKROOT = iphoneos;
				SWIFT_COMPILATION_MODE = wholemodule;
				SWIFT_OPTIMIZATION_LEVEL = "-O";
				VALIDATE_PRODUCT = YES;
				VERSIONING_SYSTEM = "apple-generic";
				VERSION_INFO_PREFIX = "";
			};
			name = Release;
		};
		0AB70D0023F84FFD00CB093A /* Debug */ = {
			isa = XCBuildConfiguration;
			buildSettings = {
				CLANG_ENABLE_MODULES = YES;
				CODE_SIGN_STYLE = Automatic;
				DEFINES_MODULE = YES;
				DEVELOPMENT_TEAM = J5P786SDN2;
				DYLIB_COMPATIBILITY_VERSION = 1;
				DYLIB_CURRENT_VERSION = 1;
				DYLIB_INSTALL_NAME_BASE = "@rpath";
				INFOPLIST_FILE = PokerModels/Info.plist;
				INSTALL_PATH = "$(LOCAL_LIBRARY_DIR)/Frameworks";
				LD_RUNPATH_SEARCH_PATHS = (
					"$(inherited)",
					"@executable_path/Frameworks",
					"@loader_path/Frameworks",
				);
				PRODUCT_BUNDLE_IDENTIFIER = com.tplioy.PokerModels;
				PRODUCT_NAME = "$(TARGET_NAME:c99extidentifier)";
				SKIP_INSTALL = YES;
				SUPPORTS_MACCATALYST = NO;
				SWIFT_OPTIMIZATION_LEVEL = "-Onone";
				SWIFT_VERSION = 5.0;
				TARGETED_DEVICE_FAMILY = 1;
			};
			name = Debug;
		};
		0AB70D0123F84FFD00CB093A /* Release */ = {
			isa = XCBuildConfiguration;
			buildSettings = {
				CLANG_ENABLE_MODULES = YES;
				CODE_SIGN_STYLE = Automatic;
				DEFINES_MODULE = YES;
				DEVELOPMENT_TEAM = J5P786SDN2;
				DYLIB_COMPATIBILITY_VERSION = 1;
				DYLIB_CURRENT_VERSION = 1;
				DYLIB_INSTALL_NAME_BASE = "@rpath";
				INFOPLIST_FILE = PokerModels/Info.plist;
				INSTALL_PATH = "$(LOCAL_LIBRARY_DIR)/Frameworks";
				LD_RUNPATH_SEARCH_PATHS = (
					"$(inherited)",
					"@executable_path/Frameworks",
					"@loader_path/Frameworks",
				);
				PRODUCT_BUNDLE_IDENTIFIER = com.tplioy.PokerModels;
				PRODUCT_NAME = "$(TARGET_NAME:c99extidentifier)";
				SKIP_INSTALL = YES;
				SUPPORTS_MACCATALYST = NO;
				SWIFT_VERSION = 5.0;
				TARGETED_DEVICE_FAMILY = 1;
			};
			name = Release;
		};
		0AB70D0323F84FFD00CB093A /* Debug */ = {
			isa = XCBuildConfiguration;
			buildSettings = {
				ALWAYS_EMBED_SWIFT_STANDARD_LIBRARIES = YES;
				CODE_SIGN_STYLE = Automatic;
				DEVELOPMENT_TEAM = J5P786SDN2;
				INFOPLIST_FILE = PokerModelsTests/Info.plist;
				LD_RUNPATH_SEARCH_PATHS = (
					"$(inherited)",
					"@executable_path/Frameworks",
					"@loader_path/Frameworks",
				);
				PRODUCT_BUNDLE_IDENTIFIER = com.tplioy.PokerModelsTests;
				PRODUCT_NAME = "$(TARGET_NAME)";
				SWIFT_VERSION = 5.0;
				TARGETED_DEVICE_FAMILY = "1,2";
			};
			name = Debug;
		};
		0AB70D0423F84FFD00CB093A /* Release */ = {
			isa = XCBuildConfiguration;
			buildSettings = {
				ALWAYS_EMBED_SWIFT_STANDARD_LIBRARIES = YES;
				CODE_SIGN_STYLE = Automatic;
				DEVELOPMENT_TEAM = J5P786SDN2;
				INFOPLIST_FILE = PokerModelsTests/Info.plist;
				LD_RUNPATH_SEARCH_PATHS = (
					"$(inherited)",
					"@executable_path/Frameworks",
					"@loader_path/Frameworks",
				);
				PRODUCT_BUNDLE_IDENTIFIER = com.tplioy.PokerModelsTests;
				PRODUCT_NAME = "$(TARGET_NAME)";
				SWIFT_VERSION = 5.0;
				TARGETED_DEVICE_FAMILY = "1,2";
			};
			name = Release;
		};
/* End XCBuildConfiguration section */

/* Begin XCConfigurationList section */
		0AB70CE523F84FFD00CB093A /* Build configuration list for PBXProject "PokerModels" */ = {
			isa = XCConfigurationList;
			buildConfigurations = (
				0AB70CFD23F84FFD00CB093A /* Debug */,
				0AB70CFE23F84FFD00CB093A /* Release */,
			);
			defaultConfigurationIsVisible = 0;
			defaultConfigurationName = Release;
		};
		0AB70CFF23F84FFD00CB093A /* Build configuration list for PBXNativeTarget "PokerModels" */ = {
			isa = XCConfigurationList;
			buildConfigurations = (
				0AB70D0023F84FFD00CB093A /* Debug */,
				0AB70D0123F84FFD00CB093A /* Release */,
			);
			defaultConfigurationIsVisible = 0;
			defaultConfigurationName = Release;
		};
		0AB70D0223F84FFD00CB093A /* Build configuration list for PBXNativeTarget "PokerModelsTests" */ = {
			isa = XCConfigurationList;
			buildConfigurations = (
				0AB70D0323F84FFD00CB093A /* Debug */,
				0AB70D0423F84FFD00CB093A /* Release */,
			);
			defaultConfigurationIsVisible = 0;
			defaultConfigurationName = Release;
		};
/* End XCConfigurationList section */
	};
	rootObject = 0AB70CE223F84FFD00CB093A /* Project object */;
}
